
Microsoft Visual Studio Solution File, Format Version 12.00
# Visual Studio 2015
Project("{FAE04EC0-301F-11D3-BF4B-00C04F79EFBC}") = "Assembly-CSharp", "Assembly-CSharp.csproj", "{B1A6D13B-014C-E358-7DDB-F0C8A61965E6}"
EndProject
Project("{FAE04EC0-301F-11D3-BF4B-00C04F79EFBC}") = "Assembly-CSharp-Editor", "Assembly-CSharp-Editor.csproj", "{3F028446-551E-DE03-A76D-26D7B6AE5700}"
EndProject
Global
	GlobalSection(SolutionConfigurationPlatforms) = preSolution
		Debug|Any CPU = Debug|Any CPU
		Release|Any CPU = Release|Any CPU
	EndGlobalSection
	GlobalSection(ProjectConfigurationPlatforms) = postSolution
		{B1A6D13B-014C-E358-7DDB-F0C8A61965E6}.Debug|Any CPU.ActiveCfg = Debug|Any CPU
		{B1A6D13B-014C-E358-7DDB-F0C8A61965E6}.Debug|Any CPU.Build.0 = Debug|Any CPU
		{B1A6D13B-014C-E358-7DDB-F0C8A61965E6}.Release|Any CPU.ActiveCfg = Release|Any CPU
		{B1A6D13B-014C-E358-7DDB-F0C8A61965E6}.Release|Any CPU.Build.0 = Release|Any CPU
		{3F028446-551E-DE03-A76D-26D7B6AE5700}.Debug|Any CPU.ActiveCfg = Debug|Any CPU
		{3F028446-551E-DE03-A76D-26D7B6AE5700}.Debug|Any CPU.Build.0 = Debug|Any CPU
		{3F028446-551E-DE03-A76D-26D7B6AE5700}.Release|Any CPU.ActiveCfg = Release|Any CPU
		{3F028446-551E-DE03-A76D-26D7B6AE5700}.Release|Any CPU.Build.0 = Release|Any CPU
	EndGlobalSection
	GlobalSection(SolutionProperties) = preSolution
		HideSolutionNode = FALSE
	EndGlobalSection
EndGlobal
